PODS:
  - CSSGTestCase (1.0.0):
    - QCloudCOSXML
  - QCloudCore (5.6.6):
    - QCloudCore/Default (= 5.6.6)
  - QCloudCore/Default (5.6.6)
  - QCloudCOSXML (5.6.6):
    - QCloudCOSXML/Default (= 5.6.6)
  - QCloudCOSXML/Default (5.6.6):
    - QCloudCore (= 5.6.6)

DEPENDENCIES:
  - CSSGTestCase (from `dist`)
  - QCloudCOSXML

SPEC REPOS:
  https://github.com/cocoapods/specs.git:
    - QCloudCore
    - QCloudCOSXML

EXTERNAL SOURCES:
  CSSGTestCase:
    :path: dist

SPEC CHECKSUMS:
  CSSGTestCase: 8f78ec8c4695abf6e05ec17ff97b724d217c8bf4
  QCloudCore: 57cb8830b0f7adbd99f7467d23cf42a88257ac63
  QCloudCOSXML: 5589f274de85f2073b69a786c9eef9080009cd3b

PODFILE CHECKSUM: 81d51322355e66f4e5e6702bbe7367f609931de9

COCOAPODS: 1.7.2
